
Microsoft Visual Studio Solution File, Format Version 12.00
# Visual Studio 15
VisualStudioVersion = 15.0.26403.7
MinimumVisualStudioVersion = 10.0.40219.1
Project("{FAE04EC0-301F-11D3-BF4B-00C04F79EFBC}") = "RSPL.UI", "RSPL.UI\RSPL.UI.csproj", "{6C49B969-03CD-4B63-8296-7EBD41B9255D}"
EndProject
Project("{FAE04EC0-301F-11D3-BF4B-00C04F79EFBC}") = "RSPL.Data", "RSPL.Data\RSPL.Data.csproj", "{501FC637-81BB-4CF5-ABD0-B0B93650D3A8}"
EndProject
Global
	GlobalSection(SolutionConfigurationPlatforms) = preSolution
		Debug|Any CPU = Debug|Any CPU
		Release|Any CPU = Release|Any CPU
	EndGlobalSection
	GlobalSection(ProjectConfigurationPlatforms) = postSolution
		{6C49B969-03CD-4B63-8296-7EBD41B9255D}.Debug|Any CPU.ActiveCfg = Debug|Any CPU
		{6C49B969-03CD-4B63-8296-7EBD41B9255D}.Debug|Any CPU.Build.0 = Debug|Any CPU
		{6C49B969-03CD-4B63-8296-7EBD41B9255D}.Release|Any CPU.ActiveCfg = Release|Any CPU
		{6C49B969-03CD-4B63-8296-7EBD41B9255D}.Release|Any CPU.Build.0 = Release|Any CPU
		{501FC637-81BB-4CF5-ABD0-B0B93650D3A8}.Debug|Any CPU.ActiveCfg = Debug|Any CPU
		{501FC637-81BB-4CF5-ABD0-B0B93650D3A8}.Debug|Any CPU.Build.0 = Debug|Any CPU
		{501FC637-81BB-4CF5-ABD0-B0B93650D3A8}.Release|Any CPU.ActiveCfg = Release|Any CPU
		{501FC637-81BB-4CF5-ABD0-B0B93650D3A8}.Release|Any CPU.Build.0 = Release|Any CPU
	EndGlobalSection
	GlobalSection(SolutionProperties) = preSolution
		HideSolutionNode = FALSE
	EndGlobalSection
EndGlobal
