
Microsoft Visual Studio Solution File, Format Version 12.00
# Visual Studio 15
VisualStudioVersion = 15.0.26430.6
MinimumVisualStudioVersion = 10.0.40219.1
Project("{FAE04EC0-301F-11D3-BF4B-00C04F79EFBC}") = "RSPL.UI", "RSPL.UI\RSPL.UI.csproj", "{6C49B969-03CD-4B63-8296-7EBD41B9255D}"
EndProject
Project("{FAE04EC0-301F-11D3-BF4B-00C04F79EFBC}") = "RSPL.Data", "RSPL.Data\RSPL.Data.csproj", "{501FC637-81BB-4CF5-ABD0-B0B93650D3A8}"
EndProject
Project("{00D1A9C2-B5F0-4AF3-8072-F6C62B433612}") = "RSPL.DB", "RSPL.DB\RSPL.DB.sqlproj", "{00FD9EBD-686E-43BF-B672-CEC414615DC8}"
EndProject
Global
	GlobalSection(SolutionConfigurationPlatforms) = preSolution
		Debug|Any CPU = Debug|Any CPU
		Release|Any CPU = Release|Any CPU
	EndGlobalSection
	GlobalSection(ProjectConfigurationPlatforms) = postSolution
		{6C49B969-03CD-4B63-8296-7EBD41B9255D}.Debug|Any CPU.ActiveCfg = Debug|Any CPU
		{6C49B969-03CD-4B63-8296-7EBD41B9255D}.Debug|Any CPU.Build.0 = Debug|Any CPU
		{6C49B969-03CD-4B63-8296-7EBD41B9255D}.Release|Any CPU.ActiveCfg = Release|Any CPU
		{6C49B969-03CD-4B63-8296-7EBD41B9255D}.Release|Any CPU.Build.0 = Release|Any CPU
		{501FC637-81BB-4CF5-ABD0-B0B93650D3A8}.Debug|Any CPU.ActiveCfg = Debug|Any CPU
		{501FC637-81BB-4CF5-ABD0-B0B93650D3A8}.Debug|Any CPU.Build.0 = Debug|Any CPU
		{501FC637-81BB-4CF5-ABD0-B0B93650D3A8}.Release|Any CPU.ActiveCfg = Release|Any CPU
		{501FC637-81BB-4CF5-ABD0-B0B93650D3A8}.Release|Any CPU.Build.0 = Release|Any CPU
		{00FD9EBD-686E-43BF-B672-CEC414615DC8}.Debug|Any CPU.ActiveCfg = Debug|Any CPU
		{00FD9EBD-686E-43BF-B672-CEC414615DC8}.Debug|Any CPU.Build.0 = Debug|Any CPU
		{00FD9EBD-686E-43BF-B672-CEC414615DC8}.Debug|Any CPU.Deploy.0 = Debug|Any CPU
		{00FD9EBD-686E-43BF-B672-CEC414615DC8}.Release|Any CPU.ActiveCfg = Release|Any CPU
		{00FD9EBD-686E-43BF-B672-CEC414615DC8}.Release|Any CPU.Build.0 = Release|Any CPU
		{00FD9EBD-686E-43BF-B672-CEC414615DC8}.Release|Any CPU.Deploy.0 = Release|Any CPU
	EndGlobalSection
	GlobalSection(SolutionProperties) = preSolution
		HideSolutionNode = FALSE
	EndGlobalSection
EndGlobal
